{
  "version": 4,
  "terraform_version": "1.14.7",
  "serial": 5,
  "lineage": "3528776a-6080-4f11-86ed-3b2a1b55d311",
  "outputs": {},
  "resources": [
    {
      "mode": "managed",
      "type": "libvirt_domain",
      "name": "laptopvm",
      "provider": "provider[\"registry.terraform.io/dmacvicar/libvirt\"]",
      "instances": [
        {
          "schema_version": 0,
          "attributes": {
            "autostart": null,
            "bhyve_commandline": null,
            "block_io_tune": null,
            "bootloader": null,
            "bootloader_args": null,
            "clock": null,
            "cpu": null,
            "cpu_tune": null,
            "create": null,
            "current_memory": null,
            "current_memory_unit": null,
            "default_io_thread": null,
            "description": null,
            "destroy": null,
            "devices": null,
            "features": null,
            "gen_id": null,
            "hwuuid": null,
            "id": null,
            "id_map": null,
            "io_thread_i_ds": null,
            "io_threads": null,
            "key_wrap": null,
            "launch_security": null,
            "lxc_namespace": null,
            "maximum_memory": null,
            "maximum_memory_slots": null,
            "maximum_memory_unit": null,
            "memory": 1024,
            "memory_backing": null,
            "memory_dump_core": null,
            "memory_tune": null,
            "memory_unit": "MiB",
            "metadata": null,
            "name": "laptopvm",
            "numa_tune": null,
            "on_crash": null,
            "on_poweroff": null,
            "on_reboot": null,
            "os": {
              "acpi": null,
              "bios": null,
              "boot_devices": null,
              "boot_menu": null,
              "cmdline": null,
              "dtb": null,
              "firmware": null,
              "firmware_info": null,
              "init": null,
              "init_args": null,
              "init_dir": null,
              "init_env": null,
              "init_group": null,
              "init_user": null,
              "initrd": null,
              "kernel": null,
              "loader": null,
              "loader_format": null,
              "loader_readonly": null,
              "loader_secure": null,
              "loader_stateless": null,
              "loader_type": null,
              "nv_ram": null,
              "shim": null,
              "sm_bios": null,
              "type": "hvm",
              "type_arch": "x86_64",
              "type_machine": "q35"
            },
            "perf": null,
            "pm": null,
            "qemu_capabilities": null,
            "qemu_commandline": null,
            "qemu_deprecation": null,
            "qemu_override": null,
            "resource": null,
            "running": null,
            "sec_label": null,
            "sys_info": null,
            "throttle_groups": null,
            "title": null,
            "type": "kvm",
            "uuid": "a4b24f5e-3395-4be4-94e5-021a4a4084a7",
            "vcpu": 2,
            "vcpu_cpuset": null,
            "vcpu_current": null,
            "vcpu_placement": null,
            "vcpus": null,
            "vmware_data_center_path": null,
            "xen_commandline": null
          },
          "sensitive_attributes": [],
          "identity_schema_version": 0
        }
      ]
    }
  ],
  "check_results": null
}
